{
  "version": "5",
  "specifiers": {
    "jsr:@std/assert@1": "1.0.16",
    "jsr:@std/assert@^1.0.14": "1.0.16",
    "jsr:@std/assert@^1.0.15": "1.0.16",
    "jsr:@std/async@^1.0.15": "1.0.16",
    "jsr:@std/data-structures@^1.0.9": "1.0.9",
    "jsr:@std/encoding@^1.0.10": "1.0.10",
    "jsr:@std/expect@^1.0.17": "1.0.17",
    "jsr:@std/fs@^1.0.19": "1.0.21",
    "jsr:@std/internal@^1.0.10": "1.0.12",
    "jsr:@std/internal@^1.0.12": "1.0.12",
    "jsr:@std/path@^1.1.2": "1.1.4",
    "jsr:@std/path@^1.1.4": "1.1.4",
    "jsr:@std/testing@*": "1.0.16",
    "jsr:@std/testing@^1.0.16": "1.0.16",
    "npm:generate-schema@^2.6.0": "2.6.0",
    "npm:percentile@1.6.0": "1.6.0",
    "npm:plantuml-encoder@^1.4.0": "1.4.0"
  },
  "jsr": {
    "@std/assert@1.0.16": {
      "integrity": "6a7272ed1eaa77defe76e5ff63ca705d9c495077e2d5fd0126d2b53fc5bd6532",
      "dependencies": [
        "jsr:@std/internal@^1.0.12"
      ]
    },
    "@std/async@1.0.16": {
      "integrity": "6c9e43035313b67b5de43e2b3ee3eadb39a488a0a0a3143097f112e025d3ee9a"
    },
    "@std/data-structures@1.0.9": {
      "integrity": "033d6e17e64bf1f84a614e647c1b015fa2576ae3312305821e1a4cb20674bb4d"
    },
    "@std/encoding@1.0.10": {
      "integrity": "8783c6384a2d13abd5e9e87a7ae0520a30e9f56aeeaa3bdf910a3eaaf5c811a1"
    },
    "@std/expect@1.0.17": {
      "integrity": "316b47dd65c33e3151344eb3267bf42efba17d1415425f07ed96185d67fc04d9",
      "dependencies": [
        "jsr:@std/assert@^1.0.14",
        "jsr:@std/internal@^1.0.10"
      ]
    },
    "@std/fs@1.0.21": {
      "integrity": "d720fe1056d78d43065a4d6e0eeb2b19f34adb8a0bc7caf3a4dbf1d4178252cd",
      "dependencies": [
        "jsr:@std/path@^1.1.4"
      ]
    },
    "@std/internal@1.0.12": {
      "integrity": "972a634fd5bc34b242024402972cd5143eac68d8dffaca5eaa4dba30ce17b027"
    },
    "@std/path@1.1.4": {
      "integrity": "1d2d43f39efb1b42f0b1882a25486647cb851481862dc7313390b2bb044314b5",
      "dependencies": [
        "jsr:@std/internal@^1.0.12"
      ]
    },
    "@std/testing@1.0.16": {
      "integrity": "a917ffdeb5924c9be436dc78bc32e511760e14d3a96e49c607fc5ecca86d0092",
      "dependencies": [
        "jsr:@std/assert@^1.0.15",
        "jsr:@std/async",
        "jsr:@std/data-structures",
        "jsr:@std/fs",
        "jsr:@std/internal@^1.0.12",
        "jsr:@std/path@^1.1.2"
      ]
    }
  },
  "npm": {
    "commander@2.20.3": {
      "integrity": "sha512-GpVkmM8vF2vQUkj2LvZmD35JxeJOLCwJ9cUkugyk2nuhbv3+mJvpLYYt+0+USMxE+oj+ey/lJEnhZw75x/OMcQ=="
    },
    "generate-schema@2.6.0": {
      "integrity": "sha512-EUBKfJNzT8f91xUk5X5gKtnbdejZeE065UAJ3BCzE8VEbvwKI9Pm5jaWmqVeK1MYc1g5weAVFDTSJzN7ymtTqA==",
      "dependencies": [
        "commander",
        "type-of-is"
      ],
      "bin": true
    },
    "percentile@1.6.0": {
      "integrity": "sha512-8vSyjdzwxGDHHwH+cSGch3A9Uj2On3UpgOWxWXMKwUvoAbnujx6DaqmV1duWXNiH/oEWpyVd6nSQccix6DM3Ng=="
    },
    "plantuml-encoder@1.4.0": {
      "integrity": "sha512-sxMwpDw/ySY1WB2CE3+IdMuEcWibJ72DDOsXLkSmEaSzwEUaYBT6DWgOfBiHGCux4q433X6+OEFWjlVqp7gL6g=="
    },
    "type-of-is@3.5.1": {
      "integrity": "sha512-SOnx8xygcAh8lvDU2exnK2bomASfNjzB3Qz71s2tw9QnX8fkAo7aC+D0H7FV0HjRKj94CKV2Hi71kVkkO6nOxg=="
    }
  },
  "workspace": {
    "dependencies": [
      "jsr:@std/assert@1",
      "jsr:@std/encoding@^1.0.10",
      "jsr:@std/expect@^1.0.17",
      "jsr:@std/path@^1.1.4",
      "jsr:@std/testing@^1.0.16",
      "npm:generate-schema@^2.6.0",
      "npm:percentile@1.6.0",
      "npm:plantuml-encoder@^1.4.0"
    ]
  }
}
